
Microsoft Visual Studio Solution File, Format Version 12.00
# Visual Studio Version 17
VisualStudioVersion = 17.3.32929.385
MinimumVisualStudioVersion = 10.0.40219.1
Project("{FAE04EC0-301F-11D3-BF4B-00C04F79EFBC}") = "Shapes", "Shapes\Shapes.csproj", "{184169DD-870E-4375-A5A6-5C617C8DDCFF}"
EndProject
Project("{FAE04EC0-301F-11D3-BF4B-00C04F79EFBC}") = "Cars", "Cars\Cars.csproj", "{0649BD5E-0A40-4467-B74B-2641B12AF33E}"
EndProject
Global
	GlobalSection(SolutionConfigurationPlatforms) = preSolution
		Debug|Any CPU = Debug|Any CPU
		Release|Any CPU = Release|Any CPU
	EndGlobalSection
	GlobalSection(ProjectConfigurationPlatforms) = postSolution
		{184169DD-870E-4375-A5A6-5C617C8DDCFF}.Debug|Any CPU.ActiveCfg = Debug|Any CPU
		{184169DD-870E-4375-A5A6-5C617C8DDCFF}.Debug|Any CPU.Build.0 = Debug|Any CPU
		{184169DD-870E-4375-A5A6-5C617C8DDCFF}.Release|Any CPU.ActiveCfg = Release|Any CPU
		{184169DD-870E-4375-A5A6-5C617C8DDCFF}.Release|Any CPU.Build.0 = Release|Any CPU
		{0649BD5E-0A40-4467-B74B-2641B12AF33E}.Debug|Any CPU.ActiveCfg = Debug|Any CPU
		{0649BD5E-0A40-4467-B74B-2641B12AF33E}.Debug|Any CPU.Build.0 = Debug|Any CPU
		{0649BD5E-0A40-4467-B74B-2641B12AF33E}.Release|Any CPU.ActiveCfg = Release|Any CPU
		{0649BD5E-0A40-4467-B74B-2641B12AF33E}.Release|Any CPU.Build.0 = Release|Any CPU
	EndGlobalSection
	GlobalSection(SolutionProperties) = preSolution
		HideSolutionNode = FALSE
	EndGlobalSection
	GlobalSection(ExtensibilityGlobals) = postSolution
		SolutionGuid = {01F5793D-B848-4D94-8FC8-ECE70DE5ED96}
	EndGlobalSection
EndGlobal
