
Microsoft Visual Studio Solution File, Format Version 12.00
# Visual Studio Version 17
VisualStudioVersion = 17.3.32929.385
MinimumVisualStudioVersion = 10.0.40219.1
Project("{FAE04EC0-301F-11D3-BF4B-00C04F79EFBC}") = "Farm", "Farm\Farm.csproj", "{713EB4A7-7226-4C9D-B33A-937BF7C72872}"
EndProject
Project("{FAE04EC0-301F-11D3-BF4B-00C04F79EFBC}") = "CustomRandomList", "CustomRandomList\CustomRandomList.csproj", "{77E1F760-ACA0-42A5-90CF-D25514A06F14}"
EndProject
Project("{FAE04EC0-301F-11D3-BF4B-00C04F79EFBC}") = "CustomStack", "CustomStack\CustomStack.csproj", "{9F9BA7EA-1B97-4D05-A7E5-E298B63904AB}"
EndProject
Global
	GlobalSection(SolutionConfigurationPlatforms) = preSolution
		Debug|Any CPU = Debug|Any CPU
		Release|Any CPU = Release|Any CPU
	EndGlobalSection
	GlobalSection(ProjectConfigurationPlatforms) = postSolution
		{713EB4A7-7226-4C9D-B33A-937BF7C72872}.Debug|Any CPU.ActiveCfg = Debug|Any CPU
		{713EB4A7-7226-4C9D-B33A-937BF7C72872}.Debug|Any CPU.Build.0 = Debug|Any CPU
		{713EB4A7-7226-4C9D-B33A-937BF7C72872}.Release|Any CPU.ActiveCfg = Release|Any CPU
		{713EB4A7-7226-4C9D-B33A-937BF7C72872}.Release|Any CPU.Build.0 = Release|Any CPU
		{77E1F760-ACA0-42A5-90CF-D25514A06F14}.Debug|Any CPU.ActiveCfg = Debug|Any CPU
		{77E1F760-ACA0-42A5-90CF-D25514A06F14}.Debug|Any CPU.Build.0 = Debug|Any CPU
		{77E1F760-ACA0-42A5-90CF-D25514A06F14}.Release|Any CPU.ActiveCfg = Release|Any CPU
		{77E1F760-ACA0-42A5-90CF-D25514A06F14}.Release|Any CPU.Build.0 = Release|Any CPU
		{9F9BA7EA-1B97-4D05-A7E5-E298B63904AB}.Debug|Any CPU.ActiveCfg = Debug|Any CPU
		{9F9BA7EA-1B97-4D05-A7E5-E298B63904AB}.Debug|Any CPU.Build.0 = Debug|Any CPU
		{9F9BA7EA-1B97-4D05-A7E5-E298B63904AB}.Release|Any CPU.ActiveCfg = Release|Any CPU
		{9F9BA7EA-1B97-4D05-A7E5-E298B63904AB}.Release|Any CPU.Build.0 = Release|Any CPU
	EndGlobalSection
	GlobalSection(SolutionProperties) = preSolution
		HideSolutionNode = FALSE
	EndGlobalSection
	GlobalSection(ExtensibilityGlobals) = postSolution
		SolutionGuid = {8CD6F77C-08B3-4306-9179-B961EC48CC66}
	EndGlobalSection
EndGlobal
